{
  "version": 4,
  "terraform_version": "1.12.2",
  "serial": 283,
  "lineage": "f2c0729e-d127-9db0-0827-b9f1912c8f54",
  "outputs": {},
  "resources": [
    {
      "mode": "managed",
      "type": "upcloud_gateway",
      "name": "vpn-de-fra",
      "provider": "provider[\"registry.terraform.io/upcloudltd/upcloud\"]",
      "instances": [
        {
          "schema_version": 0,
          "attributes": {
            "address": [
              {
                "address": "94.237.91.23",
                "name": "public-ip-1"
              }
            ],
            "addresses": [
              {
                "address": "94.237.91.23",
                "name": "public-ip-1"
              }
            ],
            "configured_status": "started",
            "connections": [
              "toVelo"
            ],
            "features": [
              "nat",
              "vpn"
            ],
            "id": "10be7799-ba18-4758-b587-70e72bdbcdaf",
            "labels": {
              "Environment": "Prod",
              "Owner": "JZAN",
              "Project": "IaaS",
              "System": "Network"
            },
            "name": "vpn-de-fra",
            "operational_state": "running",
            "plan": "essentials",
            "router": [
              {
                "id": "0467d85b-c464-4e65-ad6d-f12dd781aa0b"
              }
            ],
            "zone": "de-fra1"
          },
          "sensitive_attributes": [],
          "identity_schema_version": 0,
          "private": "bnVsbA==",
          "dependencies": [
            "upcloud_router.de-01"
          ]
        }
      ]
    },
    {
      "mode": "managed",
      "type": "upcloud_gateway",
      "name": "vpn-us-ny",
      "provider": "provider[\"registry.terraform.io/upcloudltd/upcloud\"]",
      "instances": [
        {
          "schema_version": 0,
          "attributes": {
            "address": [
              {
                "address": "85.9.197.198",
                "name": "public-ip-1"
              }
            ],
            "addresses": [
              {
                "address": "85.9.197.198",
                "name": "public-ip-1"
              }
            ],
            "configured_status": "started",
            "connections": [
              "toVeloUS"
            ],
            "features": [
              "nat",
              "vpn"
            ],
            "id": "10fb1add-4549-448e-8fe6-12f0de99183f",
            "labels": {
              "Environment": "Test",
              "Owner": "JZAN",
              "Project": "IaaS",
              "System": "Network"
            },
            "name": "vpn-us-ny",
            "operational_state": "running",
            "plan": "essentials",
            "router": [
              {
                "id": "04583e3e-cd61-43ea-8fc7-a40a025db3ed"
              }
            ],
            "zone": "us-nyc1"
          },
          "sensitive_attributes": [],
          "identity_schema_version": 0,
          "private": "bnVsbA==",
          "dependencies": [
            "upcloud_router.us-01"
          ]
        }
      ]
    },
    {
      "mode": "managed",
      "type": "upcloud_gateway_connection",
      "name": "toVelo",
      "provider": "provider[\"registry.terraform.io/upcloudltd/upcloud\"]",
      "instances": [
        {
          "schema_version": 1,
          "attributes": {
            "gateway": "10be7799-ba18-4758-b587-70e72bdbcdaf",
            "id": "10be7799-ba18-4758-b587-70e72bdbcdaf/1078e8f5-62c4-49fd-a73e-e2eb60176290",
            "local_route": [
              {
                "name": "de-01",
                "static_network": "10.255.192.0/22",
                "type": "static"
              }
            ],
            "name": "toVelo",
            "remote_route": [
              {
                "name": "to-dc",
                "static_network": "192.168.128.0/24",
                "type": "static"
              },
              {
                "name": "to-ottakring",
                "static_network": "10.255.101.0/24",
                "type": "static"
              },
              {
                "name": "to-pvt-224",
                "static_network": "10.255.224.0/24",
                "type": "static"
              },
              {
                "name": "to-pvt-230",
                "static_network": "10.255.230.0/24",
                "type": "static"
              },
              {
                "name": "to-sase",
                "static_network": "172.31.0.0/22",
                "type": "static"
              },
              {
                "name": "to-schmelz",
                "static_network": "10.255.102.0/24",
                "type": "static"
              }
            ],
            "tunnels": [
              "to-Velo"
            ],
            "type": "ipsec",
            "uuid": "1078e8f5-62c4-49fd-a73e-e2eb60176290"
          },
          "sensitive_attributes": [],
          "identity_schema_version": 0,
          "private": "eyJzY2hlbWFfdmVyc2lvbiI6IjEifQ==",
          "dependencies": [
            "upcloud_gateway.vpn-de-fra",
            "upcloud_router.de-01"
          ]
        }
      ]
    },
    {
      "mode": "managed",
      "type": "upcloud_gateway_connection",
      "name": "toVeloUS",
      "provider": "provider[\"registry.terraform.io/upcloudltd/upcloud\"]",
      "instances": [
        {
          "schema_version": 1,
          "attributes": {
            "gateway": "10fb1add-4549-448e-8fe6-12f0de99183f",
            "id": "10fb1add-4549-448e-8fe6-12f0de99183f/10c3b8ae-2a45-4ffa-b8b9-77dabd1e7a64",
            "local_route": [
              {
                "name": "us-01",
                "static_network": "10.254.197.0/24",
                "type": "static"
              }
            ],
            "name": "toVeloUS",
            "remote_route": [
              {
                "name": "backbone",
                "static_network": "10.10.30.252/31",
                "type": "static"
              },
              {
                "name": "to-dc",
                "static_network": "192.168.128.0/24",
                "type": "static"
              },
              {
                "name": "to-fr",
                "static_network": "10.255.192.0/22",
                "type": "static"
              },
              {
                "name": "to-ottakring",
                "static_network": "10.255.101.0/24",
                "type": "static"
              },
              {
                "name": "to-pvt-224",
                "static_network": "10.255.224.0/24",
                "type": "static"
              },
              {
                "name": "to-pvt-230",
                "static_network": "10.255.230.0/24",
                "type": "static"
              },
              {
                "name": "to-sase",
                "static_network": "172.31.0.0/22",
                "type": "static"
              },
              {
                "name": "to-schmelz",
                "static_network": "10.255.102.0/24",
                "type": "static"
              }
            ],
            "tunnels": [
              "to-Velo"
            ],
            "type": "ipsec",
            "uuid": "10c3b8ae-2a45-4ffa-b8b9-77dabd1e7a64"
          },
          "sensitive_attributes": [],
          "identity_schema_version": 0,
          "private": "eyJzY2hlbWFfdmVyc2lvbiI6IjEifQ==",
          "dependencies": [
            "upcloud_gateway.vpn-us-ny",
            "upcloud_router.us-01"
          ]
        }
      ]
    },
    {
      "mode": "managed",
      "type": "upcloud_gateway_connection_tunnel",
      "name": "to-Velo",
      "provider": "provider[\"registry.terraform.io/upcloudltd/upcloud\"]",
      "instances": [
        {
          "schema_version": 1,
          "attributes": {
            "connection_id": "10be7799-ba18-4758-b587-70e72bdbcdaf/1078e8f5-62c4-49fd-a73e-e2eb60176290",
            "id": "10be7799-ba18-4758-b587-70e72bdbcdaf/1078e8f5-62c4-49fd-a73e-e2eb60176290/10dd4bce-cada-49d6-90bc-c640d6c87350",
            "ipsec_auth_psk": [
              {
                "psk": "you_probably_want_to_use_env_vars_here"
              }
            ],
            "ipsec_properties": [
              {
                "child_rekey_time": 14400,
                "dpd_delay": 30,
                "dpd_timeout": 120,
                "ike_lifetime": 86400,
                "phase1_algorithms": [
                  "aes128",
                  "aes128gcm128",
                  "aes256",
                  "aes256gcm128"
                ],
                "phase1_dh_group_numbers": [
                  14,
                  16,
                  18,
                  19,
                  20,
                  21
                ],
                "phase1_integrity_algorithms": [
                  "sha256",
                  "sha384",
                  "sha512"
                ],
                "phase2_algorithms": [
                  "aes128",
                  "aes128gcm128",
                  "aes256",
                  "aes256gcm128"
                ],
                "phase2_dh_group_numbers": [
                  14,
                  16,
                  18,
                  19,
                  20,
                  21
                ],
                "phase2_integrity_algorithms": [
                  "sha256",
                  "sha384",
                  "sha512"
                ],
                "rekey_time": 14400
              }
            ],
            "local_address_name": "public-ip-1",
            "name": "to-Velo",
            "operational_state": "established",
            "remote_address": "212.186.127.82",
            "uuid": "10dd4bce-cada-49d6-90bc-c640d6c87350"
          },
          "sensitive_attributes": [
            [
              {
                "type": "get_attr",
                "value": "ipsec_auth_psk"
              },
              {
                "type": "index",
                "value": {
                  "value": 0,
                  "type": "number"
                }
              },
              {
                "type": "get_attr",
                "value": "psk"
              }
            ]
          ],
          "identity_schema_version": 0,
          "private": "eyJzY2hlbWFfdmVyc2lvbiI6IjEifQ==",
          "dependencies": [
            "upcloud_gateway.vpn-de-fra",
            "upcloud_gateway_connection.toVelo",
            "upcloud_router.de-01"
          ]
        }
      ]
    },
    {
      "mode": "managed",
      "type": "upcloud_gateway_connection_tunnel",
      "name": "to-Velo-US",
      "provider": "provider[\"registry.terraform.io/upcloudltd/upcloud\"]",
      "instances": [
        {
          "schema_version": 1,
          "attributes": {
            "connection_id": "10fb1add-4549-448e-8fe6-12f0de99183f/10c3b8ae-2a45-4ffa-b8b9-77dabd1e7a64",
            "id": "10fb1add-4549-448e-8fe6-12f0de99183f/10c3b8ae-2a45-4ffa-b8b9-77dabd1e7a64/103b8f8f-b1c0-4360-b99d-fc8adbca4bb3",
            "ipsec_auth_psk": [
              {
                "psk": "you_probably_want_to_use_env_vars_here"
              }
            ],
            "ipsec_properties": [
              {
                "child_rekey_time": 14400,
                "dpd_delay": 30,
                "dpd_timeout": 30,
                "ike_lifetime": 86400,
                "phase1_algorithms": [
                  "aes128",
                  "aes256"
                ],
                "phase1_dh_group_numbers": [
                  14,
                  16,
                  18,
                  19,
                  20,
                  21
                ],
                "phase1_integrity_algorithms": [
                  "sha1",
                  "sha256",
                  "sha384",
                  "sha512"
                ],
                "phase2_algorithms": [
                  "aes256"
                ],
                "phase2_dh_group_numbers": [
                  14,
                  16,
                  18,
                  19,
                  20,
                  21
                ],
                "phase2_integrity_algorithms": [
                  "sha256",
                  "sha384",
                  "sha512"
                ],
                "rekey_time": 14400
              }
            ],
            "local_address_name": "public-ip-1",
            "name": "to-Velo",
            "operational_state": "established",
            "remote_address": "136.144.99.57",
            "uuid": "103b8f8f-b1c0-4360-b99d-fc8adbca4bb3"
          },
          "sensitive_attributes": [
            [
              {
                "type": "get_attr",
                "value": "ipsec_auth_psk"
              },
              {
                "type": "index",
                "value": {
                  "value": 0,
                  "type": "number"
                }
              },
              {
                "type": "get_attr",
                "value": "psk"
              }
            ]
          ],
          "identity_schema_version": 0,
          "private": "eyJzY2hlbWFfdmVyc2lvbiI6IjEifQ==",
          "dependencies": [
            "upcloud_gateway.vpn-us-ny",
            "upcloud_gateway_connection.toVeloUS",
            "upcloud_router.us-01"
          ]
        }
      ]
    },
    {
      "mode": "managed",
      "type": "upcloud_network",
      "name": "de-01",
      "provider": "provider[\"registry.terraform.io/upcloudltd/upcloud\"]",
      "instances": [
        {
          "schema_version": 0,
          "attributes": {
            "id": "03daa7e7-84a9-4db7-91be-af3d8eaf468b",
            "ip_network": [
              {
                "address": "10.255.192.0/22",
                "dhcp": true,
                "dhcp_default_route": true,
                "dhcp_dns": [
                  "10.255.192.4",
                  "192.168.128.10",
                  "8.8.8.8"
                ],
                "dhcp_routes": [
                  "10.0.0.0/8-nexthop=10.255.192.1",
                  "172.16.0.0/12-nexthop=10.255.192.1",
                  "192.168.0.0/16-nexthop=10.255.192.1"
                ],
                "dhcp_routes_configuration": null,
                "family": "IPv4",
                "gateway": "10.255.192.1"
              }
            ],
            "labels": {
              "Environment": "Server",
              "Owner": "JZAN",
              "Project": "IaaS",
              "System": "VPC"
            },
            "name": "de-01",
            "router": "0467d85b-c464-4e65-ad6d-f12dd781aa0b",
            "type": "private",
            "zone": "de-fra1"
          },
          "sensitive_attributes": [],
          "identity_schema_version": 0,
          "dependencies": [
            "upcloud_router.de-01"
          ]
        }
      ]
    },
    {
      "mode": "managed",
      "type": "upcloud_network",
      "name": "de-02",
      "provider": "provider[\"registry.terraform.io/upcloudltd/upcloud\"]",
      "instances": [
        {
          "schema_version": 0,
          "attributes": {
            "id": "03918190-b124-4456-bed7-97de1dc23e00",
            "ip_network": [
              {
                "address": "10.255.190.0/24",
                "dhcp": true,
                "dhcp_default_route": true,
                "dhcp_dns": [
                  "10.255.192.4",
                  "8.8.8.8"
                ],
                "dhcp_routes": [],
                "dhcp_routes_configuration": null,
                "family": "IPv4",
                "gateway": "10.255.190.1"
              }
            ],
            "labels": {
              "Environment": "Prod",
              "Owner": "JZAN",
              "Project": "IaaS",
              "System": "VPC"
            },
            "name": "de-02",
            "router": "0467d85b-c464-4e65-ad6d-f12dd781aa0b",
            "type": "private",
            "zone": "de-fra1"
          },
          "sensitive_attributes": [],
          "identity_schema_version": 0,
          "dependencies": [
            "upcloud_router.de-01"
          ]
        }
      ]
    },
    {
      "mode": "managed",
      "type": "upcloud_network",
      "name": "de-03",
      "provider": "provider[\"registry.terraform.io/upcloudltd/upcloud\"]",
      "instances": [
        {
          "schema_version": 0,
          "attributes": {
            "id": "03ac1e09-9287-4e22-b8a8-7ff77d5cc4b0",
            "ip_network": [
              {
                "address": "10.255.191.0/24",
                "dhcp": true,
                "dhcp_default_route": false,
                "dhcp_dns": [
                  "10.255.192.4",
                  "8.8.8.8"
                ],
                "dhcp_routes": [],
                "dhcp_routes_configuration": null,
                "family": "IPv4",
                "gateway": "10.255.191.1"
              }
            ],
            "labels": {
              "Environment": "Prod",
              "Owner": "JZAN",
              "Project": "IaaS",
              "System": "VPC"
            },
            "name": "de-03",
            "router": "0467d85b-c464-4e65-ad6d-f12dd781aa0b",
            "type": "private",
            "zone": "de-fra1"
          },
          "sensitive_attributes": [],
          "identity_schema_version": 0,
          "dependencies": [
            "upcloud_router.de-01"
          ]
        }
      ]
    },
    {
      "mode": "managed",
      "type": "upcloud_network",
      "name": "us-01",
      "provider": "provider[\"registry.terraform.io/upcloudltd/upcloud\"]",
      "instances": [
        {
          "schema_version": 0,
          "attributes": {
            "id": "034a7d3e-240c-432e-812f-c4908da1065d",
            "ip_network": [
              {
                "address": "10.254.197.0/24",
                "dhcp": true,
                "dhcp_default_route": true,
                "dhcp_dns": [
                  "10.255.192.4",
                  "8.8.8.8"
                ],
                "dhcp_routes": [
                  "10.0.0.0/8-nexthop=10.254.197.1",
                  "172.16.0.0/12-nexthop=10.254.197.1",
                  "192.168.0.0/16-nexthop=10.254.197.1"
                ],
                "dhcp_routes_configuration": null,
                "family": "IPv4",
                "gateway": "10.254.197.1"
              }
            ],
            "labels": {
              "Environment": "TEST",
              "Owner": "JZAN",
              "Project": "IaaS",
              "System": "VPC"
            },
            "name": "us-02",
            "router": "04583e3e-cd61-43ea-8fc7-a40a025db3ed",
            "type": "private",
            "zone": "us-nyc1"
          },
          "sensitive_attributes": [],
          "identity_schema_version": 0,
          "dependencies": [
            "upcloud_router.us-01"
          ]
        }
      ]
    },
    {
      "mode": "managed",
      "type": "upcloud_router",
      "name": "de-01",
      "provider": "provider[\"registry.terraform.io/upcloudltd/upcloud\"]",
      "instances": [
        {
          "schema_version": 0,
          "attributes": {
            "attached_networks": [
              "0305dbae-7660-499c-aaeb-624cb6b623e5",
              "03918190-b124-4456-bed7-97de1dc23e00",
              "03ac1e09-9287-4e22-b8a8-7ff77d5cc4b0",
              "03daa7e7-84a9-4db7-91be-af3d8eaf468b"
            ],
            "id": "0467d85b-c464-4e65-ad6d-f12dd781aa0b",
            "labels": {
              "Environment": "Prod",
              "Owner": "JZAN",
              "Project": "IaaS",
              "System": "Router"
            },
            "name": "de-01",
            "static_route": [],
            "static_routes": [
              {
                "name": "ngw-10be7799ba18-default",
                "nexthop": "169.254.16.2",
                "route": "0.0.0.0/0",
                "type": "service"
              }
            ],
            "type": "normal"
          },
          "sensitive_attributes": [],
          "identity_schema_version": 0
        }
      ]
    },
    {
      "mode": "managed",
      "type": "upcloud_router",
      "name": "us-01",
      "provider": "provider[\"registry.terraform.io/upcloudltd/upcloud\"]",
      "instances": [
        {
          "schema_version": 0,
          "attributes": {
            "attached_networks": [
              "034a7d3e-240c-432e-812f-c4908da1065d",
              "03c1e7b4-d100-40af-b3c8-718d18159260"
            ],
            "id": "04583e3e-cd61-43ea-8fc7-a40a025db3ed",
            "labels": {
              "Environment": "Test",
              "Owner": "JZAN",
              "Project": "IaaS",
              "System": "Router"
            },
            "name": "us-01",
            "static_route": [],
            "static_routes": [
              {
                "name": "ngw-10fb1add4549-default",
                "nexthop": "169.254.16.2",
                "route": "0.0.0.0/0",
                "type": "service"
              }
            ],
            "type": "normal"
          },
          "sensitive_attributes": [],
          "identity_schema_version": 0
        }
      ]
    },
    {
      "mode": "managed",
      "type": "upcloud_server",
      "name": "DEFRAAPP02",
      "provider": "provider[\"registry.terraform.io/upcloudltd/upcloud\"]",
      "instances": [
        {
          "schema_version": 2,
          "attributes": {
            "boot_order": "disk",
            "cpu": 2,
            "firewall": false,
            "host": 5842420355,
            "hostname": "defraapp02.zandanel.intern",
            "hot_resize": false,
            "id": "00d279eb-49a8-42cb-8c35-b51b4da45b78",
            "labels": {
              "Environment": "Prod",
              "Owner": "JZAN",
              "Project": "IaaS",
              "System": "Windows"
            },
            "login": [],
            "mem": 8192,
            "metadata": true,
            "network_interface": [
              {
                "additional_ip_address": [],
                "bootable": false,
                "index": 1,
                "ip_address": "10.255.192.3",
                "ip_address_family": "IPv4",
                "ip_address_floating": false,
                "mac_address": "2e:7d:df:47:94:6d",
                "network": "03daa7e7-84a9-4db7-91be-af3d8eaf468b",
                "source_ip_filtering": true,
                "type": "private"
              }
            ],
            "nic_model": "virtio",
            "plan": "DEV-2xCPU-8GB",
            "server_group": null,
            "simple_backup": [],
            "storage_devices": [],
            "tags": [],
            "template": [
              {
                "address": "virtio",
                "address_position": "0",
                "backup_rule": [],
                "delete_autoresize_backup": false,
                "encrypt": false,
                "filesystem_autoresize": false,
                "id": "017298e7-28d1-4659-b203-52fb7b41a426",
                "size": 80,
                "storage": "Windows Server 2025 Standard",
                "tier": "standard",
                "title": "terraform-defraapp02.zandanel.intern-disk"
              }
            ],
            "timezone": "UTC",
            "title": "defraapp02",
            "user_data": null,
            "video_model": "vga",
            "zone": "de-fra1"
          },
          "sensitive_attributes": [],
          "identity_schema_version": 0,
          "dependencies": [
            "upcloud_network.de-01",
            "upcloud_router.de-01"
          ]
        }
      ]
    },
    {
      "mode": "managed",
      "type": "upcloud_server",
      "name": "DEFRADC02",
      "provider": "provider[\"registry.terraform.io/upcloudltd/upcloud\"]",
      "instances": [
        {
          "schema_version": 2,
          "attributes": {
            "boot_order": "disk",
            "cpu": 2,
            "firewall": false,
            "host": 5842420355,
            "hostname": "defradc02.zandanel.intern",
            "hot_resize": false,
            "id": "000617f0-658e-41d8-8b8f-91fbe0de6efa",
            "labels": {
              "Environment": "Prod",
              "Owner": "JZAN",
              "Project": "IaaS",
              "System": "Windows"
            },
            "login": [],
            "mem": 8192,
            "metadata": true,
            "network_interface": [
              {
                "additional_ip_address": [],
                "bootable": false,
                "index": 1,
                "ip_address": "10.255.192.5",
                "ip_address_family": "IPv4",
                "ip_address_floating": false,
                "mac_address": "2e:7d:df:47:8e:79",
                "network": "03daa7e7-84a9-4db7-91be-af3d8eaf468b",
                "source_ip_filtering": true,
                "type": "private"
              }
            ],
            "nic_model": "virtio",
            "plan": "DEV-2xCPU-8GB",
            "server_group": null,
            "simple_backup": [],
            "storage_devices": [],
            "tags": [],
            "template": [
              {
                "address": "virtio",
                "address_position": "0",
                "backup_rule": [],
                "delete_autoresize_backup": false,
                "encrypt": false,
                "filesystem_autoresize": false,
                "id": "012bd7d0-4f28-4fbf-93e7-68c643368413",
                "size": 80,
                "storage": "Windows Server 2025 Standard",
                "tier": "standard",
                "title": "terraform-defradc02.zandanel.intern-disk"
              }
            ],
            "timezone": "UTC",
            "title": "defradc02",
            "user_data": null,
            "video_model": "vga",
            "zone": "de-fra1"
          },
          "sensitive_attributes": [],
          "identity_schema_version": 0,
          "dependencies": [
            "upcloud_network.de-01",
            "upcloud_router.de-01"
          ]
        }
      ]
    },
    {
      "mode": "managed",
      "type": "upcloud_server",
      "name": "smallstep-pki1",
      "provider": "provider[\"registry.terraform.io/upcloudltd/upcloud\"]",
      "instances": [
        {
          "schema_version": 2,
          "attributes": {
            "boot_order": "disk",
            "cpu": 1,
            "firewall": false,
            "host": 0,
            "hostname": "smallstep-pki1",
            "hot_resize": false,
            "id": "009284b8-aaf1-44d0-bfd9-9e2cbcbff4b1",
            "labels": {
              "Environment": "Pord",
              "Owner": "JZAN",
              "Project": "IaaS",
              "System": "Linux"
            },
            "login": [
              {
                "create_password": false,
                "keys": [
                  "ssh-ed25519 AAAAC3NzaC1lZDI1NTE5AAAAIIn37dO/2MG3ITtzYhMTVDsdNrQAa4rmGgtcR2XTnPWZ zandanelj@zandanelj-Device-iMac-with-OS-AppleOsX-1532.local"
                ],
                "password_delivery": "none",
                "user": null
              }
            ],
            "mem": 2048,
            "metadata": true,
            "network_interface": [
              {
                "additional_ip_address": [],
                "bootable": false,
                "index": 1,
                "ip_address": "10.255.192.101",
                "ip_address_family": "IPv4",
                "ip_address_floating": false,
                "mac_address": "2e:7d:df:47:fb:7d",
                "network": "03daa7e7-84a9-4db7-91be-af3d8eaf468b",
                "source_ip_filtering": true,
                "type": "private"
              }
            ],
            "nic_model": "virtio",
            "plan": "DEV-1xCPU-2GB",
            "server_group": null,
            "simple_backup": [],
            "storage_devices": [],
            "tags": [],
            "template": [
              {
                "address": "virtio",
                "address_position": "0",
                "backup_rule": [
                  {
                    "interval": "daily",
                    "retention": 8,
                    "time": "0100"
                  }
                ],
                "delete_autoresize_backup": false,
                "encrypt": false,
                "filesystem_autoresize": false,
                "id": "011aadbd-19d3-4489-afb0-14d2f1c4c4dc",
                "size": 80,
                "storage": "Debian GNU/Linux 13 (Trixie)",
                "tier": "standard",
                "title": "terraform-smallstep-pki1-disk"
              }
            ],
            "timezone": "UTC",
            "title": "smallstep-pki1",
            "user_data": null,
            "video_model": "cirrus",
            "zone": "de-fra1"
          },
          "sensitive_attributes": [],
          "identity_schema_version": 0,
          "dependencies": [
            "upcloud_network.de-01",
            "upcloud_router.de-01"
          ]
        }
      ]
    },
    {
      "mode": "managed",
      "type": "upcloud_server",
      "name": "test-us-1",
      "provider": "provider[\"registry.terraform.io/upcloudltd/upcloud\"]",
      "instances": [
        {
          "schema_version": 2,
          "attributes": {
            "boot_order": "disk",
            "cpu": 1,
            "firewall": false,
            "host": 0,
            "hostname": "test-us-1",
            "hot_resize": false,
            "id": "00cfdd86-326d-4a81-a1d7-0b67bb06e762",
            "labels": {
              "Environment": "Test",
              "Owner": "JZAN",
              "Project": "IaaS",
              "System": "Linux"
            },
            "login": [
              {
                "create_password": false,
                "keys": [
                  "ssh-ed25519 AAAAC3NzaC1lZDI1NTE5AAAAIIn37dO/2MG3ITtzYhMTVDsdNrQAa4rmGgtcR2XTnPWZ zandanelj@zandanelj-Device-iMac-with-OS-AppleOsX-1532.local"
                ],
                "password_delivery": "none",
                "user": null
              }
            ],
            "mem": 2048,
            "metadata": true,
            "network_interface": [
              {
                "additional_ip_address": [],
                "bootable": false,
                "index": 1,
                "ip_address": "85.9.197.142",
                "ip_address_family": "IPv4",
                "ip_address_floating": false,
                "mac_address": "2e:7d:df:47:5f:9e",
                "network": "03d0a098-cb04-4ab1-8851-d3a559f337c6",
                "source_ip_filtering": true,
                "type": "public"
              },
              {
                "additional_ip_address": [],
                "bootable": false,
                "index": 2,
                "ip_address": "10.254.197.2",
                "ip_address_family": "IPv4",
                "ip_address_floating": false,
                "mac_address": "2e:7d:df:47:be:6b",
                "network": "034a7d3e-240c-432e-812f-c4908da1065d",
                "source_ip_filtering": true,
                "type": "private"
              }
            ],
            "nic_model": "virtio",
            "plan": "DEV-1xCPU-2GB",
            "server_group": null,
            "simple_backup": [],
            "storage_devices": [],
            "tags": [],
            "template": [
              {
                "address": "virtio",
                "address_position": "0",
                "backup_rule": [
                  {
                    "interval": "daily",
                    "retention": 8,
                    "time": "0100"
                  }
                ],
                "delete_autoresize_backup": false,
                "encrypt": false,
                "filesystem_autoresize": false,
                "id": "01c510a6-ecdc-4710-9412-76c60917ad6f",
                "size": 40,
                "storage": "Debian GNU/Linux 13 (Trixie)",
                "tier": "standard",
                "title": "terraform-test-us-1-disk"
              }
            ],
            "timezone": "UTC",
            "title": "test-us-1",
            "user_data": null,
            "video_model": "cirrus",
            "zone": "us-nyc1"
          },
          "sensitive_attributes": [],
          "identity_schema_version": 0,
          "dependencies": [
            "upcloud_network.us-01",
            "upcloud_router.us-01"
          ]
        }
      ]
    },
    {
      "mode": "managed",
      "type": "upcloud_server",
      "name": "uag-docker1",
      "provider": "provider[\"registry.terraform.io/upcloudltd/upcloud\"]",
      "instances": [
        {
          "schema_version": 2,
          "attributes": {
            "boot_order": "disk",
            "cpu": 1,
            "firewall": false,
            "host": 7513850499,
            "hostname": "uag-docker1",
            "hot_resize": false,
            "id": "00a08baf-6df2-4868-93fc-d4f14a4e66a2",
            "labels": {
              "Environment": "Prod",
              "Owner": "JZAN",
              "Project": "IaaS",
              "System": "Linux"
            },
            "login": [
              {
                "create_password": false,
                "keys": [
                  "ssh-ed25519 AAAAC3NzaC1lZDI1NTE5AAAAIIn37dO/2MG3ITtzYhMTVDsdNrQAa4rmGgtcR2XTnPWZ zandanelj@zandanelj-Device-iMac-with-OS-AppleOsX-1532.local"
                ],
                "password_delivery": "none",
                "user": null
              }
            ],
            "mem": 2048,
            "metadata": true,
            "network_interface": [
              {
                "additional_ip_address": [],
                "bootable": false,
                "index": 1,
                "ip_address": "5.22.214.194",
                "ip_address_family": "IPv4",
                "ip_address_floating": false,
                "mac_address": "2e:7d:df:47:73:1f",
                "network": "035c6e5f-447b-4ddb-b16f-137e43042c7f",
                "source_ip_filtering": true,
                "type": "public"
              },
              {
                "additional_ip_address": [],
                "bootable": false,
                "index": 2,
                "ip_address": "10.255.192.102",
                "ip_address_family": "IPv4",
                "ip_address_floating": false,
                "mac_address": "2e:7d:df:47:d1:f1",
                "network": "03daa7e7-84a9-4db7-91be-af3d8eaf468b",
                "source_ip_filtering": true,
                "type": "private"
              }
            ],
            "nic_model": "virtio",
            "plan": "DEV-1xCPU-2GB",
            "server_group": null,
            "simple_backup": [],
            "storage_devices": [],
            "tags": [],
            "template": [
              {
                "address": "virtio",
                "address_position": "0",
                "backup_rule": [
                  {
                    "interval": "daily",
                    "retention": 8,
                    "time": "0100"
                  }
                ],
                "delete_autoresize_backup": false,
                "encrypt": false,
                "filesystem_autoresize": false,
                "id": "01a47bfb-ca4f-434a-8a16-4b3d9ad9cc70",
                "size": 80,
                "storage": "CentOS Stream 10",
                "tier": "standard",
                "title": "terraform-uag-docker1-disk"
              }
            ],
            "timezone": "UTC",
            "title": "uag-docker1",
            "user_data": null,
            "video_model": "cirrus",
            "zone": "de-fra1"
          },
          "sensitive_attributes": [],
          "identity_schema_version": 0,
          "dependencies": [
            "upcloud_network.de-01",
            "upcloud_router.de-01"
          ]
        }
      ]
    },
    {
      "mode": "managed",
      "type": "upcloud_server",
      "name": "windows-2cpu-16gb-de-fra1",
      "provider": "provider[\"registry.terraform.io/upcloudltd/upcloud\"]",
      "instances": [
        {
          "schema_version": 2,
          "attributes": {
            "boot_order": "disk",
            "cpu": 2,
            "firewall": false,
            "host": 5842420355,
            "hostname": "windows-2cpu-16gb-de-fra1",
            "hot_resize": false,
            "id": "000aee7e-3286-4b21-b04b-ef48a1b86c71",
            "labels": {
              "Environment": "Prod",
              "Owner": "JZAN",
              "Project": "IaaS",
              "System": "Windows"
            },
            "login": [],
            "mem": 16384,
            "metadata": false,
            "network_interface": [
              {
                "additional_ip_address": [],
                "bootable": false,
                "index": 1,
                "ip_address": "10.255.192.2",
                "ip_address_family": "IPv4",
                "ip_address_floating": false,
                "mac_address": "2e:7d:df:47:9a:a5",
                "network": "03daa7e7-84a9-4db7-91be-af3d8eaf468b",
                "source_ip_filtering": true,
                "type": "private"
              }
            ],
            "nic_model": "virtio",
            "plan": "DEV-2xCPU-16GB",
            "server_group": null,
            "simple_backup": [],
            "storage_devices": [
              {
                "address": "virtio",
                "address_position": "0",
                "storage": "0114d399-9ab3-40f0-9f73-01bbab0d28a9",
                "type": "disk"
              }
            ],
            "tags": null,
            "template": [],
            "timezone": "UTC",
            "title": "windows-2cpu-16gb-de-fra1",
            "user_data": null,
            "video_model": "vga",
            "zone": "de-fra1"
          },
          "sensitive_attributes": [],
          "identity_schema_version": 0,
          "dependencies": [
            "upcloud_network.de-01",
            "upcloud_router.de-01",
            "upcloud_storage.windows-2cpu-16gb-de-fra1_Device_1"
          ]
        }
      ]
    },
    {
      "mode": "managed",
      "type": "upcloud_server",
      "name": "windows-2cpu-8gb-de-fra1",
      "provider": "provider[\"registry.terraform.io/upcloudltd/upcloud\"]",
      "instances": [
        {
          "schema_version": 2,
          "attributes": {
            "boot_order": "disk",
            "cpu": 2,
            "firewall": false,
            "host": 5842420355,
            "hostname": "windows-2cpu-8gb-de-fra1",
            "hot_resize": false,
            "id": "00aa91cb-7dff-4959-aff7-31aa564f6d04",
            "labels": {
              "Environment": "Prod",
              "Owner": "JZAN",
              "Project": "IaaS",
              "System": "Windows"
            },
            "login": [],
            "mem": 8192,
            "metadata": false,
            "network_interface": [
              {
                "additional_ip_address": [],
                "bootable": false,
                "index": 1,
                "ip_address": "10.255.192.4",
                "ip_address_family": "IPv4",
                "ip_address_floating": false,
                "mac_address": "2e:7d:df:47:bc:d8",
                "network": "03daa7e7-84a9-4db7-91be-af3d8eaf468b",
                "source_ip_filtering": true,
                "type": "private"
              }
            ],
            "nic_model": "virtio",
            "plan": "DEV-2xCPU-8GB",
            "server_group": null,
            "simple_backup": [],
            "storage_devices": [
              {
                "address": "virtio",
                "address_position": "0",
                "storage": "01a66560-2f88-4e84-8278-30faffa9230b",
                "type": "disk"
              }
            ],
            "tags": null,
            "template": [],
            "timezone": "UTC",
            "title": "windows-2cpu-8gb-de-fra1",
            "user_data": null,
            "video_model": "vga",
            "zone": "de-fra1"
          },
          "sensitive_attributes": [],
          "identity_schema_version": 0,
          "dependencies": [
            "upcloud_network.de-01",
            "upcloud_router.de-01",
            "upcloud_storage.windows-2cpu-8gb-de-fra1_Device_1"
          ]
        }
      ]
    },
    {
      "mode": "managed",
      "type": "upcloud_storage",
      "name": "uag-debian-docker_Device_1",
      "provider": "provider[\"registry.terraform.io/upcloudltd/upcloud\"]",
      "instances": [
        {
          "schema_version": 0,
          "attributes": {
            "backup_rule": [],
            "clone": [],
            "delete_autoresize_backup": false,
            "encrypt": false,
            "filesystem_autoresize": false,
            "id": "01fe47ba-6faf-4314-b08a-b211842d242d",
            "import": [],
            "labels": {},
            "size": 60,
            "system_labels": {
              "_os_architecture": "64",
              "_os_brand_name": "Debian",
              "_os_brand_version": "12",
              "_os_main_category": "Linux",
              "_os_type": "debian",
              "_template_uuid": "01000000-0000-4000-8000-000020070100"
            },
            "tier": "standard",
            "title": "uag-debian-docker Device 1",
            "type": "normal",
            "zone": "de-fra1"
          },
          "sensitive_attributes": [],
          "identity_schema_version": 0
        }
      ]
    },
    {
      "mode": "managed",
      "type": "upcloud_storage",
      "name": "windows-2cpu-16gb-de-fra1_Device_1",
      "provider": "provider[\"registry.terraform.io/upcloudltd/upcloud\"]",
      "instances": [
        {
          "schema_version": 0,
          "attributes": {
            "backup_rule": [],
            "clone": [],
            "delete_autoresize_backup": false,
            "encrypt": false,
            "filesystem_autoresize": false,
            "id": "0114d399-9ab3-40f0-9f73-01bbab0d28a9",
            "import": [],
            "labels": {},
            "size": 100,
            "system_labels": {
              "_os_architecture": "64",
              "_os_brand_name": "Windows Server",
              "_os_brand_version": "2022 Standard",
              "_os_main_category": "windows",
              "_os_price_suffix": "winstd",
              "_os_type": "windows2012",
              "_template_uuid": "01000000-0000-4000-8000-000010080300"
            },
            "tier": "standard",
            "title": "windows-2cpu-16gb-de-fra1 Device 1",
            "type": "normal",
            "zone": "de-fra1"
          },
          "sensitive_attributes": [],
          "identity_schema_version": 0
        }
      ]
    },
    {
      "mode": "managed",
      "type": "upcloud_storage",
      "name": "windows-2cpu-8gb-de-fra1_Device_1",
      "provider": "provider[\"registry.terraform.io/upcloudltd/upcloud\"]",
      "instances": [
        {
          "schema_version": 0,
          "attributes": {
            "backup_rule": [],
            "clone": [],
            "delete_autoresize_backup": false,
            "encrypt": false,
            "filesystem_autoresize": false,
            "id": "01a66560-2f88-4e84-8278-30faffa9230b",
            "import": [],
            "labels": {},
            "size": 80,
            "system_labels": {
              "_os_architecture": "64",
              "_os_brand_name": "Windows Server",
              "_os_brand_version": "2022 Standard",
              "_os_main_category": "windows",
              "_os_price_suffix": "winstd",
              "_os_type": "windows2012",
              "_template_uuid": "01000000-0000-4000-8000-000010080300"
            },
            "tier": "standard",
            "title": "windows-2cpu-8gb-de-fra1 Device 1",
            "type": "normal",
            "zone": "de-fra1"
          },
          "sensitive_attributes": [],
          "identity_schema_version": 0
        }
      ]
    }
  ],
  "check_results": null
}
